
Microsoft Visual Studio Solution File, Format Version 12.00
# Visual Studio Version 16
VisualStudioVersion = 16.0.30104.148
MinimumVisualStudioVersion = 10.0.40219.1
Project("{FAE04EC0-301F-11D3-BF4B-00C04F79EFBC}") = "3laba", "3laba\3laba.csproj", "{2713BE94-C559-4872-A6A5-2873F1AC53F2}"
EndProject
Global
	GlobalSection(SolutionConfigurationPlatforms) = preSolution
		Debug|Any CPU = Debug|Any CPU
		Release|Any CPU = Release|Any CPU
	EndGlobalSection
	GlobalSection(ProjectConfigurationPlatforms) = postSolution
		{2713BE94-C559-4872-A6A5-2873F1AC53F2}.Debug|Any CPU.ActiveCfg = Debug|Any CPU
		{2713BE94-C559-4872-A6A5-2873F1AC53F2}.Debug|Any CPU.Build.0 = Debug|Any CPU
		{2713BE94-C559-4872-A6A5-2873F1AC53F2}.Release|Any CPU.ActiveCfg = Release|Any CPU
		{2713BE94-C559-4872-A6A5-2873F1AC53F2}.Release|Any CPU.Build.0 = Release|Any CPU
	EndGlobalSection
	GlobalSection(SolutionProperties) = preSolution
		HideSolutionNode = FALSE
	EndGlobalSection
	GlobalSection(ExtensibilityGlobals) = postSolution
		SolutionGuid = {9E7E1912-7E4A-48DE-B5CB-96D7D1D354C0}
	EndGlobalSection
EndGlobal
