
Microsoft Visual Studio Solution File, Format Version 12.00
# Visual Studio Version 16
VisualStudioVersion = 16.0.29911.84
MinimumVisualStudioVersion = 10.0.40219.1
Project("{FAE04EC0-301F-11D3-BF4B-00C04F79EFBC}") = "ConsoleApp1", "ConsoleApp1\ConsoleApp1.csproj", "{E9934F97-9F27-4A36-BB53-36E304F2A845}"
EndProject
Global
	GlobalSection(SolutionConfigurationPlatforms) = preSolution
		Debug|Any CPU = Debug|Any CPU
		Release|Any CPU = Release|Any CPU
	EndGlobalSection
	GlobalSection(ProjectConfigurationPlatforms) = postSolution
		{E9934F97-9F27-4A36-BB53-36E304F2A845}.Debug|Any CPU.ActiveCfg = Debug|Any CPU
		{E9934F97-9F27-4A36-BB53-36E304F2A845}.Debug|Any CPU.Build.0 = Debug|Any CPU
		{E9934F97-9F27-4A36-BB53-36E304F2A845}.Release|Any CPU.ActiveCfg = Release|Any CPU
		{E9934F97-9F27-4A36-BB53-36E304F2A845}.Release|Any CPU.Build.0 = Release|Any CPU
	EndGlobalSection
	GlobalSection(SolutionProperties) = preSolution
		HideSolutionNode = FALSE
	EndGlobalSection
	GlobalSection(ExtensibilityGlobals) = postSolution
		SolutionGuid = {14EEC878-C3AB-48B6-BE2E-7532439A9DA1}
	EndGlobalSection
EndGlobal
