
Microsoft Visual Studio Solution File, Format Version 12.00
# Visual Studio Version 16
VisualStudioVersion = 16.0.30611.23
MinimumVisualStudioVersion = 10.0.40219.1
Project("{FAE04EC0-301F-11D3-BF4B-00C04F79EFBC}") = "lab4-OOP", "lab4-OOP\lab4-OOP.csproj", "{CAA90D86-6830-4172-8A7D-C216E5242820}"
EndProject
Global
	GlobalSection(SolutionConfigurationPlatforms) = preSolution
		Debug|Any CPU = Debug|Any CPU
		Release|Any CPU = Release|Any CPU
	EndGlobalSection
	GlobalSection(ProjectConfigurationPlatforms) = postSolution
		{CAA90D86-6830-4172-8A7D-C216E5242820}.Debug|Any CPU.ActiveCfg = Debug|Any CPU
		{CAA90D86-6830-4172-8A7D-C216E5242820}.Debug|Any CPU.Build.0 = Debug|Any CPU
		{CAA90D86-6830-4172-8A7D-C216E5242820}.Release|Any CPU.ActiveCfg = Release|Any CPU
		{CAA90D86-6830-4172-8A7D-C216E5242820}.Release|Any CPU.Build.0 = Release|Any CPU
	EndGlobalSection
	GlobalSection(SolutionProperties) = preSolution
		HideSolutionNode = FALSE
	EndGlobalSection
	GlobalSection(ExtensibilityGlobals) = postSolution
		SolutionGuid = {2F41456A-D7D9-42BA-BF40-359751D34DA3}
	EndGlobalSection
EndGlobal
